
Microsoft Visual Studio Solution File, Format Version 12.00
# Visual Studio Version 17
VisualStudioVersion = 17.11.35222.181
MinimumVisualStudioVersion = 10.0.40219.1
Project("{FAE04EC0-301F-11D3-BF4B-00C04F79EFBC}") = "baitap", "baitap\baitap.csproj", "{DC1E4F9C-31D8-4524-B858-7E4CBB99A744}"
EndProject
Global
	GlobalSection(SolutionConfigurationPlatforms) = preSolution
		Debug|Any CPU = Debug|Any CPU
		Release|Any CPU = Release|Any CPU
	EndGlobalSection
	GlobalSection(ProjectConfigurationPlatforms) = postSolution
		{DC1E4F9C-31D8-4524-B858-7E4CBB99A744}.Debug|Any CPU.ActiveCfg = Debug|Any CPU
		{DC1E4F9C-31D8-4524-B858-7E4CBB99A744}.Debug|Any CPU.Build.0 = Debug|Any CPU
		{DC1E4F9C-31D8-4524-B858-7E4CBB99A744}.Release|Any CPU.ActiveCfg = Release|Any CPU
		{DC1E4F9C-31D8-4524-B858-7E4CBB99A744}.Release|Any CPU.Build.0 = Release|Any CPU
	EndGlobalSection
	GlobalSection(SolutionProperties) = preSolution
		HideSolutionNode = FALSE
	EndGlobalSection
	GlobalSection(ExtensibilityGlobals) = postSolution
		SolutionGuid = {86C63598-AE57-4996-AC7C-CF6AE51C3214}
	EndGlobalSection
EndGlobal
