
Microsoft Visual Studio Solution File, Format Version 12.00
# Visual Studio Version 17
VisualStudioVersion = 17.11.35222.181
MinimumVisualStudioVersion = 10.0.40219.1
Project("{FAE04EC0-301F-11D3-BF4B-00C04F79EFBC}") = "PvdLesson03", "PvdLesson03\PvdLesson03.csproj", "{D6761AE3-5577-40CC-B2C8-007CC7B0EDEE}"
EndProject
Global
	GlobalSection(SolutionConfigurationPlatforms) = preSolution
		Debug|Any CPU = Debug|Any CPU
		Release|Any CPU = Release|Any CPU
	EndGlobalSection
	GlobalSection(ProjectConfigurationPlatforms) = postSolution
		{D6761AE3-5577-40CC-B2C8-007CC7B0EDEE}.Debug|Any CPU.ActiveCfg = Debug|Any CPU
		{D6761AE3-5577-40CC-B2C8-007CC7B0EDEE}.Debug|Any CPU.Build.0 = Debug|Any CPU
		{D6761AE3-5577-40CC-B2C8-007CC7B0EDEE}.Release|Any CPU.ActiveCfg = Release|Any CPU
		{D6761AE3-5577-40CC-B2C8-007CC7B0EDEE}.Release|Any CPU.Build.0 = Release|Any CPU
	EndGlobalSection
	GlobalSection(SolutionProperties) = preSolution
		HideSolutionNode = FALSE
	EndGlobalSection
	GlobalSection(ExtensibilityGlobals) = postSolution
		SolutionGuid = {13726AA9-5DA6-4184-8A44-5C33C356219C}
	EndGlobalSection
EndGlobal
